
Microsoft Visual Studio Solution File, Format Version 12.00
# Visual Studio Version 17
VisualStudioVersion = 17.7.34221.43
MinimumVisualStudioVersion = 10.0.40219.1
Project("{FAE04EC0-301F-11D3-BF4B-00C04F79EFBC}") = "lab13", "lab13\lab13.csproj", "{C10A4EF1-BBBF-4B20-82BF-D5B425781AA5}"
EndProject
Global
	GlobalSection(SolutionConfigurationPlatforms) = preSolution
		Debug|Any CPU = Debug|Any CPU
		Release|Any CPU = Release|Any CPU
	EndGlobalSection
	GlobalSection(ProjectConfigurationPlatforms) = postSolution
		{C10A4EF1-BBBF-4B20-82BF-D5B425781AA5}.Debug|Any CPU.ActiveCfg = Debug|Any CPU
		{C10A4EF1-BBBF-4B20-82BF-D5B425781AA5}.Debug|Any CPU.Build.0 = Debug|Any CPU
		{C10A4EF1-BBBF-4B20-82BF-D5B425781AA5}.Release|Any CPU.ActiveCfg = Release|Any CPU
		{C10A4EF1-BBBF-4B20-82BF-D5B425781AA5}.Release|Any CPU.Build.0 = Release|Any CPU
	EndGlobalSection
	GlobalSection(SolutionProperties) = preSolution
		HideSolutionNode = FALSE
	EndGlobalSection
	GlobalSection(ExtensibilityGlobals) = postSolution
		SolutionGuid = {067DDB57-FB74-4EE4-87DE-3A68D63E16F9}
	EndGlobalSection
EndGlobal
